// !$*UTF8*$!
{
	archiveVersion = 1;
	classes = {
	};
	objectVersion = 46;
	objects = {

/* Begin PBXBuildFile section */
		8F2F66651D89F0D20060C365 /* AppDelegate.swift in Sources */ = {isa = PBXBuildFile; fileRef = 8F2F66641D89F0D20060C365 /* AppDelegate.swift */; };
		8F2F66671D89F0D20060C365 /* ViewController.swift in Sources */ = {isa = PBXBuildFile; fileRef = 8F2F66661D89F0D20060C365 /* ViewController.swift */; };
		8F2F666A1D89F0D20060C365 /* Main.storyboard in Resources */ = {isa = PBXBuildFile; fileRef = 8F2F66681D89F0D20060C365 /* Main.storyboard */; };
		8F2F666C1D89F0D20060C365 /* Assets.xcassets in Resources */ = {isa = PBXBuildFile; fileRef = 8F2F666B1D89F0D20060C365 /* Assets.xcassets */; };
		8F2F666F1D89F0D20060C365 /* LaunchScreen.storyboard in Resources */ = {isa = PBXBuildFile; fileRef = 8F2F666D1D89F0D20060C365 /* LaunchScreen.storyboard */; };
/* End PBXBuildFile section */

/* Begin PBXFileReference section */
		8F2F66611D89F0D20060C365 /* TortaNaCara.app */ = {isa = PBXFileReference; explicitFileType = wrapper.application; includeInIndex = 0; path = TortaNaCara.app; sourceTree = BUILT_PRODUCTS_DIR; };
		8F2F66641D89F0D20060C365 /* AppDelegate.swift */ = {isa = PBXFileReference; lastKnownFileType = sourcecode.swift; path = AppDelegate.swift; sourceTree = "<group>"; };
		8F2F66661D89F0D20060C365 /* ViewController.swift */ = {isa = PBXFileReference; lastKnownFileType = sourcecode.swift; path = ViewController.swift; sourceTree = "<group>"; };
		8F2F66691D89F0D20060C365 /* Base */ = {isa = PBXFileReference; lastKnownFileType = file.storyboard; name = Base; path = Base.lproj/Main.storyboard; sourceTree = "<group>"; };
		8F2F666B1D89F0D20060C365 /* Assets.xcassets */ = {isa = PBXFileReference; lastKnownFileType = folder.assetcatalog; path = Assets.xcassets; sourceTree = "<group>"; };
		8F2F666E1D89F0D20060C365 /* Base */ = {isa = PBXFileReference; lastKnownFileType = file.storyboard; name = Base; path = Base.lproj/LaunchScreen.storyboard; sourceTree = "<group>"; };
		8F2F66701D89F0D20060C365 /* Info.plist */ = {isa = PBXFileReference; lastKnownFileType = text.plist.xml; path = Info.plist; sourceTree = "<group>"; };
/* End PBXFileReference section */

/* Begin PBXFrameworksBuildPhase section */
		8F2F665E1D89F0D20060C365 /* Frameworks */ = {
			isa = PBXFrameworksBuildPhase;
			buildActionMask = 2147483647;
			files = (
			);
			runOnlyForDeploymentPostprocessing = 0;
		};
/* End PBXFrameworksBuildPhase section */

/* Begin PBXGroup section */
		8F2F66581D89F0D20060C365 = {
			isa = PBXGroup;
			children = (
				8F2F66631D89F0D20060C365 /* TortaNaCara */,
				8F2F66621D89F0D20060C365 /* Products */,
			);
			sourceTree = "<group>";
		};
		8F2F66621D89F0D20060C365 /* Products */ = {
			isa = PBXGroup;
			children = (
				8F2F66611D89F0D20060C365 /* TortaNaCara.app */,
			);
			name = Products;
			sourceTree = "<group>";
		};
		8F2F66631D89F0D20060C365 /* TortaNaCara */ = {
			isa = PBXGroup;
			children = (
				8F2F66641D89F0D20060C365 /* AppDelegate.swift */,
				8F2F66661D89F0D20060C365 /* ViewController.swift */,
				8F2F66681D89F0D20060C365 /* Main.storyboard */,
				8F2F666B1D89F0D20060C365 /* Assets.xcassets */,
				8F2F666D1D89F0D20060C365 /* LaunchScreen.storyboard */,
				8F2F66701D89F0D20060C365 /* Info.plist */,
			);
			path = TortaNaCara;
			sourceTree = "<group>";
		};
/* End PBXGroup section */

/* Begin PBXNativeTarget section */
		8F2F66601D89F0D20060C365 /* TortaNaCara */ = {
			isa = PBXNativeTarget;
			buildConfigurationList = 8F2F66731D89F0D20060C365 /* Build configuration list for PBXNativeTarget "TortaNaCara" */;
			buildPhases = (
				8F2F665D1D89F0D20060C365 /* Sources */,
				8F2F665E1D89F0D20060C365 /* Frameworks */,
				8F2F665F1D89F0D20060C365 /* Resources */,
			);
			buildRules = (
			);
			dependencies = (
			);
			name = TortaNaCara;
			productName = TortaNaCara;
			productReference = 8F2F66611D89F0D20060C365 /* TortaNaCara.app */;
			productType = "com.apple.product-type.application";
		};
/* End PBXNativeTarget section */

/* Begin PBXProject section */
		8F2F66591D89F0D20060C365 /* Project object */ = {
			isa = PBXProject;
			attributes = {
				LastSwiftUpdateCheck = 0730;
				LastUpgradeCheck = 0730;
				ORGANIZATIONNAME = "Caique de Paula Pereira";
				TargetAttributes = {
					8F2F66601D89F0D20060C365 = {
						CreatedOnToolsVersion = 7.3.1;
					};
				};
			};
			buildConfigurationList = 8F2F665C1D89F0D20060C365 /* Build configuration list for PBXProject "TortaNaCara" */;
			compatibilityVersion = "Xcode 3.2";
			developmentRegion = English;
			hasScannedForEncodings = 0;
			knownRegions = (
				en,
				Base,
			);
			mainGroup = 8F2F66581D89F0D20060C365;
			productRefGroup = 8F2F66621D89F0D20060C365 /* Products */;
			projectDirPath = "";
			projectRoot = "";
			targets = (
				8F2F66601D89F0D20060C365 /* TortaNaCara */,
			);
		};
/* End PBXProject section */

/* Begin PBXResourcesBuildPhase section */
		8F2F665F1D89F0D20060C365 /* Resources */ = {
			isa = PBXResourcesBuildPhase;
			buildActionMask = 2147483647;
			files = (
				8F2F666F1D89F0D20060C365 /* LaunchScreen.storyboard in Resources */,
				8F2F666C1D89F0D20060C365 /* Assets.xcassets in Resources */,
				8F2F666A1D89F0D20060C365 /* Main.storyboard in Resources */,
			);
			runOnlyForDeploymentPostprocessing = 0;
		};
/* End PBXResourcesBuildPhase section */

/* Begin PBXSourcesBuildPhase section */
		8F2F665D1D89F0D20060C365 /* Sources */ = {
			isa = PBXSourcesBuildPhase;
			buildActionMask = 2147483647;
			files = (
				8F2F66671D89F0D20060C365 /* ViewController.swift in Sources */,
				8F2F66651D89F0D20060C365 /* AppDelegate.swift in Sources */,
			);
			runOnlyForDeploymentPostprocessing = 0;
		};
/* End PBXSourcesBuildPhase section */

/* Begin PBXVariantGroup section */
		8F2F66681D89F0D20060C365 /* Main.storyboard */ = {
			isa = PBXVariantGroup;
			children = (
				8F2F66691D89F0D20060C365 /* Base */,
			);
			name = Main.storyboard;
			sourceTree = "<group>";
		};
		8F2F666D1D89F0D20060C365 /* LaunchScreen.storyboard */ = {
			isa = PBXVariantGroup;
			children = (
				8F2F666E1D89F0D20060C365 /* Base */,
			);
			name = LaunchScreen.storyboard;
			sourceTree = "<group>";
		};
/* End PBXVariantGroup section */

/* Begin XCBuildConfiguration section */
		8F2F66711D89F0D20060C365 /* Debug */ = {
			isa = XCBuildConfiguration;
			buildSettings = {
				ALWAYS_SEARCH_USER_PATHS = NO;
				CLANG_ANALYZER_NONNULL = YES;
				CLANG_CXX_LANGUAGE_STANDARD = "gnu++0x";
				CLANG_CXX_LIBRARY = "libc++";
				CLANG_ENABLE_MODULES = YES;
				CLANG_ENABLE_OBJC_ARC = YES;
				CLANG_WARN_BOOL_CONVERSION = YES;
				CLANG_WARN_CONSTANT_CONVERSION = YES;
				CLANG_WARN_DIRECT_OBJC_ISA_USAGE = YES_ERROR;
				CLANG_WARN_EMPTY_BODY = YES;
				CLANG_WARN_ENUM_CONVERSION = YES;
				CLANG_WARN_INT_CONVERSION = YES;
				CLANG_WARN_OBJC_ROOT_CLASS = YES_ERROR;
				CLANG_WARN_UNREACHABLE_CODE = YES;
				CLANG_WARN__DUPLICATE_METHOD_MATCH = YES;
				"CODE_SIGN_IDENTITY[sdk=iphoneos*]" = "iPhone Developer";
				COPY_PHASE_STRIP = NO;
				DEBUG_INFORMATION_FORMAT = dwarf;
				ENABLE_STRICT_OBJC_MSGSEND = YES;
				ENABLE_TESTABILITY = YES;
				GCC_C_LANGUAGE_STANDARD = gnu99;
				GCC_DYNAMIC_NO_PIC = NO;
				GCC_NO_COMMON_BLOCKS = YES;
				GCC_OPTIMIZATION_LEVEL = 0;
				GCC_PREPROCESSOR_DEFINITIONS = (
					"DEBUG=1",
					"$(inherited)",
				);
				GCC_WARN_64_TO_32_BIT_CONVERSION = YES;
				GCC_WARN_ABOUT_RETURN_TYPE = YES_ERROR;
				GCC_WARN_UNDECLARED_SELECTOR = YES;
				GCC_WARN_UNINITIALIZED_AUTOS = YES_AGGRESSIVE;
				GCC_WARN_UNUSED_FUNCTION = YES;
				GCC_WARN_UNUSED_VARIABLE = YES;
				IPHONEOS_DEPLOYMENT_TARGET = 9.3;
				MTL_ENABLE_DEBUG_INFO = YES;
				ONLY_ACTIVE_ARCH = YES;
				SDKROOT = iphoneos;
				SWIFT_OPTIMIZATION_LEVEL = "-Onone";
				TARGETED_DEVICE_FAMILY = 2;
			};
			name = Debug;
		};
		8F2F66721D89F0D20060C365 /* Release */ = {
			isa = XCBuildConfiguration;
			buildSettings = {
				ALWAYS_SEARCH_USER_PATHS = NO;
				CLANG_ANALYZER_NONNULL = YES;
				CLANG_CXX_LANGUAGE_STANDARD = "gnu++0x";
				CLANG_CXX_LIBRARY = "libc++";
				CLANG_ENABLE_MODULES = YES;
				CLANG_ENABLE_OBJC_ARC = YES;
				CLANG_WARN_BOOL_CONVERSION = YES;
				CLANG_WARN_CONSTANT_CONVERSION = YES;
				CLANG_WARN_DIRECT_OBJC_ISA_USAGE = YES_ERROR;
				CLANG_WARN_EMPTY_BODY = YES;
				CLANG_WARN_ENUM_CONVERSION = YES;
				CLANG_WARN_INT_CONVERSION = YES;
				CLANG_WARN_OBJC_ROOT_CLASS = YES_ERROR;
				CLANG_WARN_UNREACHABLE_CODE = YES;
				CLANG_WARN__DUPLICATE_METHOD_MATCH = YES;
				"CODE_SIGN_IDENTITY[sdk=iphoneos*]" = "iPhone Developer";
				COPY_PHASE_STRIP = NO;
				DEBUG_INFORMATION_FORMAT = "dwarf-with-dsym";
				ENABLE_NS_ASSERTIONS = NO;
				ENABLE_STRICT_OBJC_MSGSEND = YES;
				GCC_C_LANGUAGE_STANDARD = gnu99;
				GCC_NO_COMMON_BLOCKS = YES;
				GCC_WARN_64_TO_32_BIT_CONVERSION = YES;
				GCC_WARN_ABOUT_RETURN_TYPE = YES_ERROR;
				GCC_WARN_UNDECLARED_SELECTOR = YES;
				GCC_WARN_UNINITIALIZED_AUTOS = YES_AGGRESSIVE;
				GCC_WARN_UNUSED_FUNCTION = YES;
				GCC_WARN_UNUSED_VARIABLE = YES;
				IPHONEOS_DEPLOYMENT_TARGET = 9.3;
				MTL_ENABLE_DEBUG_INFO = NO;
				SDKROOT = iphoneos;
				TARGETED_DEVICE_FAMILY = 2;
				VALIDATE_PRODUCT = YES;
			};
			name = Release;
		};
		8F2F66741D89F0D20060C365 /* Debug */ = {
			isa = XCBuildConfiguration;
			buildSettings = {
				ASSETCATALOG_COMPILER_APPICON_NAME = AppIcon;
				INFOPLIST_FILE = TortaNaCara/Info.plist;
				LD_RUNPATH_SEARCH_PATHS = "$(inherited) @executable_path/Frameworks";
				PRODUCT_BUNDLE_IDENTIFIER = caiquedepaulapereira.TortaNaCara;
				PRODUCT_NAME = "$(TARGET_NAME)";
			};
			name = Debug;
		};
		8F2F66751D89F0D20060C365 /* Release */ = {
			isa = XCBuildConfiguration;
			buildSettings = {
				ASSETCATALOG_COMPILER_APPICON_NAME = AppIcon;
				INFOPLIST_FILE = TortaNaCara/Info.plist;
				LD_RUNPATH_SEARCH_PATHS = "$(inherited) @executable_path/Frameworks";
				PRODUCT_BUNDLE_IDENTIFIER = caiquedepaulapereira.TortaNaCara;
				PRODUCT_NAME = "$(TARGET_NAME)";
			};
			name = Release;
		};
/* End XCBuildConfiguration section */

/* Begin XCConfigurationList section */
		8F2F665C1D89F0D20060C365 /* Build configuration list for PBXProject "TortaNaCara" */ = {
			isa = XCConfigurationList;
			buildConfigurations = (
				8F2F66711D89F0D20060C365 /* Debug */,
				8F2F66721D89F0D20060C365 /* Release */,
			);
			defaultConfigurationIsVisible = 0;
			defaultConfigurationName = Release;
		};
		8F2F66731D89F0D20060C365 /* Build configuration list for PBXNativeTarget "TortaNaCara" */ = {
			isa = XCConfigurationList;
			buildConfigurations = (
				8F2F66741D89F0D20060C365 /* Debug */,
				8F2F66751D89F0D20060C365 /* Release */,
			);
			defaultConfigurationIsVisible = 0;
		};
/* End XCConfigurationList section */
	};
	rootObject = 8F2F66591D89F0D20060C365 /* Project object */;
}
